
Microsoft Visual Studio Solution File, Format Version 12.00
# Visual Studio Version 17
VisualStudioVersion = 17.1.32421.90
MinimumVisualStudioVersion = 10.0.40219.1
Project("{9A19103F-16F7-4668-BE54-9A1E7A4F7556}") = "Orditor", "Orditor\Orditor.csproj", "{92364593-DBC2-4292-B2F6-5AD6FD92E989}"
EndProject
Project("{FAE04EC0-301F-11D3-BF4B-00C04F79EFBC}") = "Tests", "Tests\Tests.csproj", "{9613B01F-F4F2-4A2C-A002-E67EC3F9E21D}"
EndProject
Global
	GlobalSection(SolutionConfigurationPlatforms) = preSolution
		Debug|Any CPU = Debug|Any CPU
		Release|Any CPU = Release|Any CPU
	EndGlobalSection
	GlobalSection(ProjectConfigurationPlatforms) = postSolution
		{92364593-DBC2-4292-B2F6-5AD6FD92E989}.Debug|Any CPU.ActiveCfg = Debug|Any CPU
		{92364593-DBC2-4292-B2F6-5AD6FD92E989}.Debug|Any CPU.Build.0 = Debug|Any CPU
		{92364593-DBC2-4292-B2F6-5AD6FD92E989}.Release|Any CPU.ActiveCfg = Release|Any CPU
		{92364593-DBC2-4292-B2F6-5AD6FD92E989}.Release|Any CPU.Build.0 = Release|Any CPU
		{9613B01F-F4F2-4A2C-A002-E67EC3F9E21D}.Debug|Any CPU.ActiveCfg = Debug|Any CPU
		{9613B01F-F4F2-4A2C-A002-E67EC3F9E21D}.Debug|Any CPU.Build.0 = Debug|Any CPU
		{9613B01F-F4F2-4A2C-A002-E67EC3F9E21D}.Release|Any CPU.ActiveCfg = Release|Any CPU
		{9613B01F-F4F2-4A2C-A002-E67EC3F9E21D}.Release|Any CPU.Build.0 = Release|Any CPU
	EndGlobalSection
	GlobalSection(SolutionProperties) = preSolution
		HideSolutionNode = FALSE
	EndGlobalSection
	GlobalSection(ExtensibilityGlobals) = postSolution
		SolutionGuid = {B494A9BC-074A-4DCF-995D-A96F41B0DC08}
	EndGlobalSection
EndGlobal
